// !$*UTF8*$!
{
	archiveVersion = 1;
	classes = {
	};
	objectVersion = 77;
	objects = {

/* Begin PBXContainerItemProxy section */
		1EEF2EC62D5B7D6600099657 /* PBXContainerItemProxy */ = {
			isa = PBXContainerItemProxy;
			containerPortal = 1EEF2EA82D5B7D6500099657 /* Project object */;
			proxyType = 1;
			remoteGlobalIDString = 1EEF2EAF2D5B7D6500099657;
			remoteInfo = NonLidarRoomPlan;
		};
		1EEF2ED02D5B7D6600099657 /* PBXContainerItemProxy */ = {
			isa = PBXContainerItemProxy;
			containerPortal = 1EEF2EA82D5B7D6500099657 /* Project object */;
			proxyType = 1;
			remoteGlobalIDString = 1EEF2EAF2D5B7D6500099657;
			remoteInfo = NonLidarRoomPlan;
		};
/* End PBXContainerItemProxy section */

/* Begin PBXFileReference section */
		1EEF2EB02D5B7D6500099657 /* NonLidarRoomPlan.app */ = {isa = PBXFileReference; explicitFileType = wrapper.application; includeInIndex = 0; path = NonLidarRoomPlan.app; sourceTree = BUILT_PRODUCTS_DIR; };
		1EEF2EC52D5B7D6600099657 /* NonLidarRoomPlanTests.xctest */ = {isa = PBXFileReference; explicitFileType = wrapper.cfbundle; includeInIndex = 0; path = NonLidarRoomPlanTests.xctest; sourceTree = BUILT_PRODUCTS_DIR; };
		1EEF2ECF2D5B7D6600099657 /* NonLidarRoomPlanUITests.xctest */ = {isa = PBXFileReference; explicitFileType = wrapper.cfbundle; includeInIndex = 0; path = NonLidarRoomPlanUITests.xctest; sourceTree = BUILT_PRODUCTS_DIR; };
/* End PBXFileReference section */

/* Begin PBXFileSystemSynchronizedRootGroup section */
		1EEF2EB22D5B7D6500099657 /* NonLidarRoomPlan */ = {
			isa = PBXFileSystemSynchronizedRootGroup;
			path = NonLidarRoomPlan;
			sourceTree = "<group>";
		};
		1EEF2EC82D5B7D6600099657 /* NonLidarRoomPlanTests */ = {
			isa = PBXFileSystemSynchronizedRootGroup;
			path = NonLidarRoomPlanTests;
			sourceTree = "<group>";
		};
		1EEF2ED22D5B7D6600099657 /* NonLidarRoomPlanUITests */ = {
			isa = PBXFileSystemSynchronizedRootGroup;
			path = NonLidarRoomPlanUITests;
			sourceTree = "<group>";
		};
/* End PBXFileSystemSynchronizedRootGroup section */

/* Begin PBXFrameworksBuildPhase section */
		1EEF2EAD2D5B7D6500099657 /* Frameworks */ = {
			isa = PBXFrameworksBuildPhase;
			buildActionMask = 2147483647;
			files = (
			);
			runOnlyForDeploymentPostprocessing = 0;
		};
		1EEF2EC22D5B7D6600099657 /* Frameworks */ = {
			isa = PBXFrameworksBuildPhase;
			buildActionMask = 2147483647;
			files = (
			);
			runOnlyForDeploymentPostprocessing = 0;
		};
		1EEF2ECC2D5B7D6600099657 /* Frameworks */ = {
			isa = PBXFrameworksBuildPhase;
			buildActionMask = 2147483647;
			files = (
			);
			runOnlyForDeploymentPostprocessing = 0;
		};
/* End PBXFrameworksBuildPhase section */

/* Begin PBXGroup section */
		1EEF2EA72D5B7D6500099657 = {
			isa = PBXGroup;
			children = (
				1EEF2EB22D5B7D6500099657 /* NonLidarRoomPlan */,
				1EEF2EC82D5B7D6600099657 /* NonLidarRoomPlanTests */,
				1EEF2ED22D5B7D6600099657 /* NonLidarRoomPlanUITests */,
				1EEF2EB12D5B7D6500099657 /* Products */,
			);
			sourceTree = "<group>";
		};
		1EEF2EB12D5B7D6500099657 /* Products */ = {
			isa = PBXGroup;
			children = (
				1EEF2EB02D5B7D6500099657 /* NonLidarRoomPlan.app */,
				1EEF2EC52D5B7D6600099657 /* NonLidarRoomPlanTests.xctest */,
				1EEF2ECF2D5B7D6600099657 /* NonLidarRoomPlanUITests.xctest */,
			);
			name = Products;
			sourceTree = "<group>";
		};
/* End PBXGroup section */

/* Begin PBXNativeTarget section */
		1EEF2EAF2D5B7D6500099657 /* NonLidarRoomPlan */ = {
			isa = PBXNativeTarget;
			buildConfigurationList = 1EEF2ED92D5B7D6700099657 /* Build configuration list for PBXNativeTarget "NonLidarRoomPlan" */;
			buildPhases = (
				1EEF2EAC2D5B7D6500099657 /* Sources */,
				1EEF2EAD2D5B7D6500099657 /* Frameworks */,
				1EEF2EAE2D5B7D6500099657 /* Resources */,
			);
			buildRules = (
			);
			dependencies = (
			);
			fileSystemSynchronizedGroups = (
				1EEF2EB22D5B7D6500099657 /* NonLidarRoomPlan */,
			);
			name = NonLidarRoomPlan;
			packageProductDependencies = (
			);
			productName = NonLidarRoomPlan;
			productReference = 1EEF2EB02D5B7D6500099657 /* NonLidarRoomPlan.app */;
			productType = "com.apple.product-type.application";
		};
		1EEF2EC42D5B7D6600099657 /* NonLidarRoomPlanTests */ = {
			isa = PBXNativeTarget;
			buildConfigurationList = 1EEF2EDC2D5B7D6700099657 /* Build configuration list for PBXNativeTarget "NonLidarRoomPlanTests" */;
			buildPhases = (
				1EEF2EC12D5B7D6600099657 /* Sources */,
				1EEF2EC22D5B7D6600099657 /* Frameworks */,
				1EEF2EC32D5B7D6600099657 /* Resources */,
			);
			buildRules = (
			);
			dependencies = (
				1EEF2EC72D5B7D6600099657 /* PBXTargetDependency */,
			);
			fileSystemSynchronizedGroups = (
				1EEF2EC82D5B7D6600099657 /* NonLidarRoomPlanTests */,
			);
			name = NonLidarRoomPlanTests;
			packageProductDependencies = (
			);
			productName = NonLidarRoomPlanTests;
			productReference = 1EEF2EC52D5B7D6600099657 /* NonLidarRoomPlanTests.xctest */;
			productType = "com.apple.product-type.bundle.unit-test";
		};
		1EEF2ECE2D5B7D6600099657 /* NonLidarRoomPlanUITests */ = {
			isa = PBXNativeTarget;
			buildConfigurationList = 1EEF2EDF2D5B7D6700099657 /* Build configuration list for PBXNativeTarget "NonLidarRoomPlanUITests" */;
			buildPhases = (
				1EEF2ECB2D5B7D6600099657 /* Sources */,
				1EEF2ECC2D5B7D6600099657 /* Frameworks */,
				1EEF2ECD2D5B7D6600099657 /* Resources */,
			);
			buildRules = (
			);
			dependencies = (
				1EEF2ED12D5B7D6600099657 /* PBXTargetDependency */,
			);
			fileSystemSynchronizedGroups = (
				1EEF2ED22D5B7D6600099657 /* NonLidarRoomPlanUITests */,
			);
			name = NonLidarRoomPlanUITests;
			packageProductDependencies = (
			);
			productName = NonLidarRoomPlanUITests;
			productReference = 1EEF2ECF2D5B7D6600099657 /* NonLidarRoomPlanUITests.xctest */;
			productType = "com.apple.product-type.bundle.ui-testing";
		};
/* End PBXNativeTarget section */

/* Begin PBXProject section */
		1EEF2EA82D5B7D6500099657 /* Project object */ = {
			isa = PBXProject;
			attributes = {
				BuildIndependentTargetsInParallel = 1;
				LastSwiftUpdateCheck = 1620;
				LastUpgradeCheck = 1620;
				TargetAttributes = {
					1EEF2EAF2D5B7D6500099657 = {
						CreatedOnToolsVersion = 16.2;
					};
					1EEF2EC42D5B7D6600099657 = {
						CreatedOnToolsVersion = 16.2;
						TestTargetID = 1EEF2EAF2D5B7D6500099657;
					};
					1EEF2ECE2D5B7D6600099657 = {
						CreatedOnToolsVersion = 16.2;
						TestTargetID = 1EEF2EAF2D5B7D6500099657;
					};
				};
			};
			buildConfigurationList = 1EEF2EAB2D5B7D6500099657 /* Build configuration list for PBXProject "NonLidarRoomPlan" */;
			developmentRegion = en;
			hasScannedForEncodings = 0;
			knownRegions = (
				en,
				Base,
			);
			mainGroup = 1EEF2EA72D5B7D6500099657;
			minimizedProjectReferenceProxies = 1;
			preferredProjectObjectVersion = 77;
			productRefGroup = 1EEF2EB12D5B7D6500099657 /* Products */;
			projectDirPath = "";
			projectRoot = "";
			targets = (
				1EEF2EAF2D5B7D6500099657 /* NonLidarRoomPlan */,
				1EEF2EC42D5B7D6600099657 /* NonLidarRoomPlanTests */,
				1EEF2ECE2D5B7D6600099657 /* NonLidarRoomPlanUITests */,
			);
		};
/* End PBXProject section */

/* Begin PBXResourcesBuildPhase section */
		1EEF2EAE2D5B7D6500099657 /* Resources */ = {
			isa = PBXResourcesBuildPhase;
			buildActionMask = 2147483647;
			files = (
			);
			runOnlyForDeploymentPostprocessing = 0;
		};
		1EEF2EC32D5B7D6600099657 /* Resources */ = {
			isa = PBXResourcesBuildPhase;
			buildActionMask = 2147483647;
			files = (
			);
			runOnlyForDeploymentPostprocessing = 0;
		};
		1EEF2ECD2D5B7D6600099657 /* Resources */ = {
			isa = PBXResourcesBuildPhase;
			buildActionMask = 2147483647;
			files = (
			);
			runOnlyForDeploymentPostprocessing = 0;
		};
/* End PBXResourcesBuildPhase section */

/* Begin PBXSourcesBuildPhase section */
		1EEF2EAC2D5B7D6500099657 /* Sources */ = {
			isa = PBXSourcesBuildPhase;
			buildActionMask = 2147483647;
			files = (
			);
			runOnlyForDeploymentPostprocessing = 0;
		};
		1EEF2EC12D5B7D6600099657 /* Sources */ = {
			isa = PBXSourcesBuildPhase;
			buildActionMask = 2147483647;
			files = (
			);
			runOnlyForDeploymentPostprocessing = 0;
		};
		1EEF2ECB2D5B7D6600099657 /* Sources */ = {
			isa = PBXSourcesBuildPhase;
			buildActionMask = 2147483647;
			files = (
			);
			runOnlyForDeploymentPostprocessing = 0;
		};
/* End PBXSourcesBuildPhase section */

/* Begin PBXTargetDependency section */
		1EEF2EC72D5B7D6600099657 /* PBXTargetDependency */ = {
			isa = PBXTargetDependency;
			target = 1EEF2EAF2D5B7D6500099657 /* NonLidarRoomPlan */;
			targetProxy = 1EEF2EC62D5B7D6600099657 /* PBXContainerItemProxy */;
		};
		1EEF2ED12D5B7D6600099657 /* PBXTargetDependency */ = {
			isa = PBXTargetDependency;
			target = 1EEF2EAF2D5B7D6500099657 /* NonLidarRoomPlan */;
			targetProxy = 1EEF2ED02D5B7D6600099657 /* PBXContainerItemProxy */;
		};
/* End PBXTargetDependency section */

/* Begin XCBuildConfiguration section */
		1EEF2ED72D5B7D6700099657 /* Debug */ = {
			isa = XCBuildConfiguration;
			buildSettings = {
				ALWAYS_SEARCH_USER_PATHS = NO;
				ASSETCATALOG_COMPILER_GENERATE_SWIFT_ASSET_SYMBOL_EXTENSIONS = YES;
				CLANG_ANALYZER_NONNULL = YES;
				CLANG_ANALYZER_NUMBER_OBJECT_CONVERSION = YES_AGGRESSIVE;
				CLANG_CXX_LANGUAGE_STANDARD = "gnu++20";
				CLANG_ENABLE_MODULES = YES;
				CLANG_ENABLE_OBJC_ARC = YES;
				CLANG_ENABLE_OBJC_WEAK = YES;
				CLANG_WARN_BLOCK_CAPTURE_AUTORELEASING = YES;
				CLANG_WARN_BOOL_CONVERSION = YES;
				CLANG_WARN_COMMA = YES;
				CLANG_WARN_CONSTANT_CONVERSION = YES;
				CLANG_WARN_DEPRECATED_OBJC_IMPLEMENTATIONS = YES;
				CLANG_WARN_DIRECT_OBJC_ISA_USAGE = YES_ERROR;
				CLANG_WARN_DOCUMENTATION_COMMENTS = YES;
				CLANG_WARN_EMPTY_BODY = YES;
				CLANG_WARN_ENUM_CONVERSION = YES;
				CLANG_WARN_INFINITE_RECURSION = YES;
				CLANG_WARN_INT_CONVERSION = YES;
				CLANG_WARN_NON_LITERAL_NULL_CONVERSION = YES;
				CLANG_WARN_OBJC_IMPLICIT_RETAIN_SELF = YES;
				CLANG_WARN_OBJC_LITERAL_CONVERSION = YES;
				CLANG_WARN_OBJC_ROOT_CLASS = YES_ERROR;
				CLANG_WARN_QUOTED_INCLUDE_IN_FRAMEWORK_HEADER = YES;
				CLANG_WARN_RANGE_LOOP_ANALYSIS = YES;
				CLANG_WARN_STRICT_PROTOTYPES = YES;
				CLANG_WARN_SUSPICIOUS_MOVE = YES;
				CLANG_WARN_UNGUARDED_AVAILABILITY = YES_AGGRESSIVE;
				CLANG_WARN_UNREACHABLE_CODE = YES;
				CLANG_WARN__DUPLICATE_METHOD_MATCH = YES;
				COPY_PHASE_STRIP = NO;
				DEBUG_INFORMATION_FORMAT = dwarf;
				ENABLE_STRICT_OBJC_MSGSEND = YES;
				ENABLE_TESTABILITY = YES;
				ENABLE_USER_SCRIPT_SANDBOXING = YES;
				GCC_C_LANGUAGE_STANDARD = gnu17;
				GCC_DYNAMIC_NO_PIC = NO;
				GCC_NO_COMMON_BLOCKS = YES;
				GCC_OPTIMIZATION_LEVEL = 0;
				GCC_PREPROCESSOR_DEFINITIONS = (
					"DEBUG=1",
					"$(inherited)",
				);
				GCC_WARN_64_TO_32_BIT_CONVERSION = YES;
				GCC_WARN_ABOUT_RETURN_TYPE = YES_ERROR;
				GCC_WARN_UNDECLARED_SELECTOR = YES;
				GCC_WARN_UNINITIALIZED_AUTOS = YES_AGGRESSIVE;
				GCC_WARN_UNUSED_FUNCTION = YES;
				GCC_WARN_UNUSED_VARIABLE = YES;
				IPHONEOS_DEPLOYMENT_TARGET = 18.2;
				LOCALIZATION_PREFERS_STRING_CATALOGS = YES;
				MTL_ENABLE_DEBUG_INFO = INCLUDE_SOURCE;
				MTL_FAST_MATH = YES;
				ONLY_ACTIVE_ARCH = YES;
				SDKROOT = iphoneos;
				SWIFT_ACTIVE_COMPILATION_CONDITIONS = "DEBUG $(inherited)";
				SWIFT_OPTIMIZATION_LEVEL = "-Onone";
			};
			name = Debug;
		};
		1EEF2ED82D5B7D6700099657 /* Release */ = {
			isa = XCBuildConfiguration;
			buildSettings = {
				ALWAYS_SEARCH_USER_PATHS = NO;
				ASSETCATALOG_COMPILER_GENERATE_SWIFT_ASSET_SYMBOL_EXTENSIONS = YES;
				CLANG_ANALYZER_NONNULL = YES;
				CLANG_ANALYZER_NUMBER_OBJECT_CONVERSION = YES_AGGRESSIVE;
				CLANG_CXX_LANGUAGE_STANDARD = "gnu++20";
				CLANG_ENABLE_MODULES = YES;
				CLANG_ENABLE_OBJC_ARC = YES;
				CLANG_ENABLE_OBJC_WEAK = YES;
				CLANG_WARN_BLOCK_CAPTURE_AUTORELEASING = YES;
				CLANG_WARN_BOOL_CONVERSION = YES;
				CLANG_WARN_COMMA = YES;
				CLANG_WARN_CONSTANT_CONVERSION = YES;
				CLANG_WARN_DEPRECATED_OBJC_IMPLEMENTATIONS = YES;
				CLANG_WARN_DIRECT_OBJC_ISA_USAGE = YES_ERROR;
				CLANG_WARN_DOCUMENTATION_COMMENTS = YES;
				CLANG_WARN_EMPTY_BODY = YES;
				CLANG_WARN_ENUM_CONVERSION = YES;
				CLANG_WARN_INFINITE_RECURSION = YES;
				CLANG_WARN_INT_CONVERSION = YES;
				CLANG_WARN_NON_LITERAL_NULL_CONVERSION = YES;
				CLANG_WARN_OBJC_IMPLICIT_RETAIN_SELF = YES;
				CLANG_WARN_OBJC_LITERAL_CONVERSION = YES;
				CLANG_WARN_OBJC_ROOT_CLASS = YES_ERROR;
				CLANG_WARN_QUOTED_INCLUDE_IN_FRAMEWORK_HEADER = YES;
				CLANG_WARN_RANGE_LOOP_ANALYSIS = YES;
				CLANG_WARN_STRICT_PROTOTYPES = YES;
				CLANG_WARN_SUSPICIOUS_MOVE = YES;
				CLANG_WARN_UNGUARDED_AVAILABILITY = YES_AGGRESSIVE;
				CLANG_WARN_UNREACHABLE_CODE = YES;
				CLANG_WARN__DUPLICATE_METHOD_MATCH = YES;
				COPY_PHASE_STRIP = NO;
				DEBUG_INFORMATION_FORMAT = "dwarf-with-dsym";
				ENABLE_NS_ASSERTIONS = NO;
				ENABLE_STRICT_OBJC_MSGSEND = YES;
				ENABLE_USER_SCRIPT_SANDBOXING = YES;
				GCC_C_LANGUAGE_STANDARD = gnu17;
				GCC_NO_COMMON_BLOCKS = YES;
				GCC_WARN_64_TO_32_BIT_CONVERSION = YES;
				GCC_WARN_ABOUT_RETURN_TYPE = YES_ERROR;
				GCC_WARN_UNDECLARED_SELECTOR = YES;
				GCC_WARN_UNINITIALIZED_AUTOS = YES_AGGRESSIVE;
				GCC_WARN_UNUSED_FUNCTION = YES;
				GCC_WARN_UNUSED_VARIABLE = YES;
				IPHONEOS_DEPLOYMENT_TARGET = 18.2;
				LOCALIZATION_PREFERS_STRING_CATALOGS = YES;
				MTL_ENABLE_DEBUG_INFO = NO;
				MTL_FAST_MATH = YES;
				SDKROOT = iphoneos;
				SWIFT_COMPILATION_MODE = wholemodule;
				VALIDATE_PRODUCT = YES;
			};
			name = Release;
		};
		1EEF2EDA2D5B7D6700099657 /* Debug */ = {
			isa = XCBuildConfiguration;
			buildSettings = {
				ASSETCATALOG_COMPILER_APPICON_NAME = AppIcon;
				ASSETCATALOG_COMPILER_GLOBAL_ACCENT_COLOR_NAME = AccentColor;
				CODE_SIGN_STYLE = Automatic;
				CURRENT_PROJECT_VERSION = 1;
				DEVELOPMENT_TEAM = 4EPA224W7J;
				GENERATE_INFOPLIST_FILE = YES;
				INFOPLIST_KEY_NSCameraUsageDescription = "";
				INFOPLIST_KEY_UIApplicationSupportsIndirectInputEvents = YES;
				INFOPLIST_KEY_UILaunchStoryboardName = LaunchScreen;
				INFOPLIST_KEY_UIMainStoryboardFile = Main;
				INFOPLIST_KEY_UIRequiredDeviceCapabilities = arkit;
				INFOPLIST_KEY_UIStatusBarHidden = YES;
				INFOPLIST_KEY_UISupportedInterfaceOrientations_iPad = "UIInterfaceOrientationPortrait UIInterfaceOrientationPortraitUpsideDown UIInterfaceOrientationLandscapeLeft UIInterfaceOrientationLandscapeRight";
				INFOPLIST_KEY_UISupportedInterfaceOrientations_iPhone = "UIInterfaceOrientationPortrait UIInterfaceOrientationLandscapeLeft UIInterfaceOrientationLandscapeRight";
				LD_RUNPATH_SEARCH_PATHS = (
					"$(inherited)",
					"@executable_path/Frameworks",
				);
				MARKETING_VERSION = 1.0;
				PRODUCT_BUNDLE_IDENTIFIER = techsee.connectivity.sdk.NonLidarRoomPlan;
				PRODUCT_NAME = "$(TARGET_NAME)";
				SWIFT_EMIT_LOC_STRINGS = YES;
				SWIFT_VERSION = 5.0;
				TARGETED_DEVICE_FAMILY = "1,2";
			};
			name = Debug;
		};
		1EEF2EDB2D5B7D6700099657 /* Release */ = {
			isa = XCBuildConfiguration;
			buildSettings = {
				ASSETCATALOG_COMPILER_APPICON_NAME = AppIcon;
				ASSETCATALOG_COMPILER_GLOBAL_ACCENT_COLOR_NAME = AccentColor;
				CODE_SIGN_STYLE = Automatic;
				CURRENT_PROJECT_VERSION = 1;
				DEVELOPMENT_TEAM = 4EPA224W7J;
				GENERATE_INFOPLIST_FILE = YES;
				INFOPLIST_KEY_NSCameraUsageDescription = "";
				INFOPLIST_KEY_UIApplicationSupportsIndirectInputEvents = YES;
				INFOPLIST_KEY_UILaunchStoryboardName = LaunchScreen;
				INFOPLIST_KEY_UIMainStoryboardFile = Main;
				INFOPLIST_KEY_UIRequiredDeviceCapabilities = arkit;
				INFOPLIST_KEY_UIStatusBarHidden = YES;
				INFOPLIST_KEY_UISupportedInterfaceOrientations_iPad = "UIInterfaceOrientationPortrait UIInterfaceOrientationPortraitUpsideDown UIInterfaceOrientationLandscapeLeft UIInterfaceOrientationLandscapeRight";
				INFOPLIST_KEY_UISupportedInterfaceOrientations_iPhone = "UIInterfaceOrientationPortrait UIInterfaceOrientationLandscapeLeft UIInterfaceOrientationLandscapeRight";
				LD_RUNPATH_SEARCH_PATHS = (
					"$(inherited)",
					"@executable_path/Frameworks",
				);
				MARKETING_VERSION = 1.0;
				PRODUCT_BUNDLE_IDENTIFIER = techsee.connectivity.sdk.NonLidarRoomPlan;
				PRODUCT_NAME = "$(TARGET_NAME)";
				SWIFT_EMIT_LOC_STRINGS = YES;
				SWIFT_VERSION = 5.0;
				TARGETED_DEVICE_FAMILY = "1,2";
			};
			name = Release;
		};
		1EEF2EDD2D5B7D6700099657 /* Debug */ = {
			isa = XCBuildConfiguration;
			buildSettings = {
				BUNDLE_LOADER = "$(TEST_HOST)";
				CODE_SIGN_STYLE = Automatic;
				CURRENT_PROJECT_VERSION = 1;
				DEVELOPMENT_TEAM = 4EPA224W7J;
				GENERATE_INFOPLIST_FILE = YES;
				IPHONEOS_DEPLOYMENT_TARGET = 18.2;
				MARKETING_VERSION = 1.0;
				PRODUCT_BUNDLE_IDENTIFIER = techsee.connectivity.sdk.NonLidarRoomPlanTests;
				PRODUCT_NAME = "$(TARGET_NAME)";
				SWIFT_EMIT_LOC_STRINGS = NO;
				SWIFT_VERSION = 5.0;
				TARGETED_DEVICE_FAMILY = "1,2";
				TEST_HOST = "$(BUILT_PRODUCTS_DIR)/NonLidarRoomPlan.app/$(BUNDLE_EXECUTABLE_FOLDER_PATH)/NonLidarRoomPlan";
			};
			name = Debug;
		};
		1EEF2EDE2D5B7D6700099657 /* Release */ = {
			isa = XCBuildConfiguration;
			buildSettings = {
				BUNDLE_LOADER = "$(TEST_HOST)";
				CODE_SIGN_STYLE = Automatic;
				CURRENT_PROJECT_VERSION = 1;
				DEVELOPMENT_TEAM = 4EPA224W7J;
				GENERATE_INFOPLIST_FILE = YES;
				IPHONEOS_DEPLOYMENT_TARGET = 18.2;
				MARKETING_VERSION = 1.0;
				PRODUCT_BUNDLE_IDENTIFIER = techsee.connectivity.sdk.NonLidarRoomPlanTests;
				PRODUCT_NAME = "$(TARGET_NAME)";
				SWIFT_EMIT_LOC_STRINGS = NO;
				SWIFT_VERSION = 5.0;
				TARGETED_DEVICE_FAMILY = "1,2";
				TEST_HOST = "$(BUILT_PRODUCTS_DIR)/NonLidarRoomPlan.app/$(BUNDLE_EXECUTABLE_FOLDER_PATH)/NonLidarRoomPlan";
			};
			name = Release;
		};
		1EEF2EE02D5B7D6700099657 /* Debug */ = {
			isa = XCBuildConfiguration;
			buildSettings = {
				CODE_SIGN_STYLE = Automatic;
				CURRENT_PROJECT_VERSION = 1;
				DEVELOPMENT_TEAM = 4EPA224W7J;
				GENERATE_INFOPLIST_FILE = YES;
				MARKETING_VERSION = 1.0;
				PRODUCT_BUNDLE_IDENTIFIER = techsee.connectivity.sdk.NonLidarRoomPlanUITests;
				PRODUCT_NAME = "$(TARGET_NAME)";
				SWIFT_EMIT_LOC_STRINGS = NO;
				SWIFT_VERSION = 5.0;
				TARGETED_DEVICE_FAMILY = "1,2";
				TEST_TARGET_NAME = NonLidarRoomPlan;
			};
			name = Debug;
		};
		1EEF2EE12D5B7D6700099657 /* Release */ = {
			isa = XCBuildConfiguration;
			buildSettings = {
				CODE_SIGN_STYLE = Automatic;
				CURRENT_PROJECT_VERSION = 1;
				DEVELOPMENT_TEAM = 4EPA224W7J;
				GENERATE_INFOPLIST_FILE = YES;
				MARKETING_VERSION = 1.0;
				PRODUCT_BUNDLE_IDENTIFIER = techsee.connectivity.sdk.NonLidarRoomPlanUITests;
				PRODUCT_NAME = "$(TARGET_NAME)";
				SWIFT_EMIT_LOC_STRINGS = NO;
				SWIFT_VERSION = 5.0;
				TARGETED_DEVICE_FAMILY = "1,2";
				TEST_TARGET_NAME = NonLidarRoomPlan;
			};
			name = Release;
		};
/* End XCBuildConfiguration section */

/* Begin XCConfigurationList section */
		1EEF2EAB2D5B7D6500099657 /* Build configuration list for PBXProject "NonLidarRoomPlan" */ = {
			isa = XCConfigurationList;
			buildConfigurations = (
				1EEF2ED72D5B7D6700099657 /* Debug */,
				1EEF2ED82D5B7D6700099657 /* Release */,
			);
			defaultConfigurationIsVisible = 0;
			defaultConfigurationName = Release;
		};
		1EEF2ED92D5B7D6700099657 /* Build configuration list for PBXNativeTarget "NonLidarRoomPlan" */ = {
			isa = XCConfigurationList;
			buildConfigurations = (
				1EEF2EDA2D5B7D6700099657 /* Debug */,
				1EEF2EDB2D5B7D6700099657 /* Release */,
			);
			defaultConfigurationIsVisible = 0;
			defaultConfigurationName = Release;
		};
		1EEF2EDC2D5B7D6700099657 /* Build configuration list for PBXNativeTarget "NonLidarRoomPlanTests" */ = {
			isa = XCConfigurationList;
			buildConfigurations = (
				1EEF2EDD2D5B7D6700099657 /* Debug */,
				1EEF2EDE2D5B7D6700099657 /* Release */,
			);
			defaultConfigurationIsVisible = 0;
			defaultConfigurationName = Release;
		};
		1EEF2EDF2D5B7D6700099657 /* Build configuration list for PBXNativeTarget "NonLidarRoomPlanUITests" */ = {
			isa = XCConfigurationList;
			buildConfigurations = (
				1EEF2EE02D5B7D6700099657 /* Debug */,
				1EEF2EE12D5B7D6700099657 /* Release */,
			);
			defaultConfigurationIsVisible = 0;
			defaultConfigurationName = Release;
		};
/* End XCConfigurationList section */
	};
	rootObject = 1EEF2EA82D5B7D6500099657 /* Project object */;
}
